# This file is automatically @generated by Cargo.
# It is not intended for manual editing.
version = 3

[[package]]
name = "minerva-data"
version = "0.1.0"

[[package]]
name = "minerva-product"
version = "0.1.0"

[[package]]
name = "minerva-rest"
version = "0.1.0"

[[package]]
name = "minerva-rpc"
version = "0.1.0"

[[package]]
name = "minerva-session"
version = "0.1.0"

[[package]]
name = "minerva-stock"
version = "0.1.0"

[[package]]
name = "minerva-store"
version = "0.1.0"

[[package]]
name = "minerva-user"
version = "0.1.0"
